// !$*UTF8*$!
{
	archiveVersion = 1;
	classes = {
	};
	objectVersion = 50;
	objects = {

/* Begin PBXBuildFile section */
		1DCC66A9E500A5EC1D21DE0E /* Pods_InvisionAppTests.framework in Frameworks */ = {isa = PBXBuildFile; fileRef = 38CDC34CDF3F47BC88B4A645 /* Pods_InvisionAppTests.framework */; };
		A62E4FB120D6B64600486843 /* NSObject.swift in Sources */ = {isa = PBXBuildFile; fileRef = A62E4FB020D6B64600486843 /* NSObject.swift */; };
		A62E4FB620D6C98A00486843 /* TDApiManager.swift in Sources */ = {isa = PBXBuildFile; fileRef = A62E4FB520D6C98A00486843 /* TDApiManager.swift */; };
		A68793BB20D60EE200184420 /* AppDelegate.swift in Sources */ = {isa = PBXBuildFile; fileRef = A68793BA20D60EE200184420 /* AppDelegate.swift */; };
		A68793BD20D60EE200184420 /* ViewController.swift in Sources */ = {isa = PBXBuildFile; fileRef = A68793BC20D60EE200184420 /* ViewController.swift */; };
		A68793C220D60EE300184420 /* Assets.xcassets in Resources */ = {isa = PBXBuildFile; fileRef = A68793C120D60EE300184420 /* Assets.xcassets */; };
		A68793C520D60EE300184420 /* LaunchScreen.storyboard in Resources */ = {isa = PBXBuildFile; fileRef = A68793C320D60EE300184420 /* LaunchScreen.storyboard */; };
		A68793D020D60EE300184420 /* InvisionAppTests.swift in Sources */ = {isa = PBXBuildFile; fileRef = A68793CF20D60EE300184420 /* InvisionAppTests.swift */; };
		A68793DB20D60EE300184420 /* InvisionAppUITests.swift in Sources */ = {isa = PBXBuildFile; fileRef = A68793DA20D60EE300184420 /* InvisionAppUITests.swift */; };
		A68793ED20D612FB00184420 /* IALoginVC.swift in Sources */ = {isa = PBXBuildFile; fileRef = A68793EB20D612FB00184420 /* IALoginVC.swift */; };
		A68793EE20D612FB00184420 /* IALoginVC.xib in Resources */ = {isa = PBXBuildFile; fileRef = A68793EC20D612FB00184420 /* IALoginVC.xib */; };
		A68793F120D6433100184420 /* IATapIDVC.swift in Sources */ = {isa = PBXBuildFile; fileRef = A68793EF20D6433100184420 /* IATapIDVC.swift */; };
		A68793F220D6433100184420 /* IATapIDVC.xib in Resources */ = {isa = PBXBuildFile; fileRef = A68793F020D6433100184420 /* IATapIDVC.xib */; };
		B3CBF98D72E711F4A6851135 /* Pods_InvisionApp.framework in Frameworks */ = {isa = PBXBuildFile; fileRef = 4CD25A8B2B3A4EAE6BC3A09B /* Pods_InvisionApp.framework */; };
		F0679CC9C5E2ACA283C5D8BD /* Pods_InvisionAppUITests.framework in Frameworks */ = {isa = PBXBuildFile; fileRef = 6B0C89437E23518C08265419 /* Pods_InvisionAppUITests.framework */; };
/* End PBXBuildFile section */

/* Begin PBXContainerItemProxy section */
		A68793CC20D60EE300184420 /* PBXContainerItemProxy */ = {
			isa = PBXContainerItemProxy;
			containerPortal = A68793AF20D60EE200184420 /* Project object */;
			proxyType = 1;
			remoteGlobalIDString = A68793B620D60EE200184420;
			remoteInfo = InvisionApp;
		};
		A68793D720D60EE300184420 /* PBXContainerItemProxy */ = {
			isa = PBXContainerItemProxy;
			containerPortal = A68793AF20D60EE200184420 /* Project object */;
			proxyType = 1;
			remoteGlobalIDString = A68793B620D60EE200184420;
			remoteInfo = InvisionApp;
		};
/* End PBXContainerItemProxy section */

/* Begin PBXFileReference section */
		1B460EBC1DB5A146245DCE42 /* Pods-InvisionAppTests.release.xcconfig */ = {isa = PBXFileReference; includeInIndex = 1; lastKnownFileType = text.xcconfig; name = "Pods-InvisionAppTests.release.xcconfig"; path = "Pods/Target Support Files/Pods-InvisionAppTests/Pods-InvisionAppTests.release.xcconfig"; sourceTree = "<group>"; };
		38CDC34CDF3F47BC88B4A645 /* Pods_InvisionAppTests.framework */ = {isa = PBXFileReference; explicitFileType = wrapper.framework; includeInIndex = 0; path = Pods_InvisionAppTests.framework; sourceTree = BUILT_PRODUCTS_DIR; };
		4CD25A8B2B3A4EAE6BC3A09B /* Pods_InvisionApp.framework */ = {isa = PBXFileReference; explicitFileType = wrapper.framework; includeInIndex = 0; path = Pods_InvisionApp.framework; sourceTree = BUILT_PRODUCTS_DIR; };
		6B0C89437E23518C08265419 /* Pods_InvisionAppUITests.framework */ = {isa = PBXFileReference; explicitFileType = wrapper.framework; includeInIndex = 0; path = Pods_InvisionAppUITests.framework; sourceTree = BUILT_PRODUCTS_DIR; };
		98663225A7532B9CE8CBE389 /* Pods-InvisionApp.debug.xcconfig */ = {isa = PBXFileReference; includeInIndex = 1; lastKnownFileType = text.xcconfig; name = "Pods-InvisionApp.debug.xcconfig"; path = "Pods/Target Support Files/Pods-InvisionApp/Pods-InvisionApp.debug.xcconfig"; sourceTree = "<group>"; };
		A62E4FB020D6B64600486843 /* NSObject.swift */ = {isa = PBXFileReference; fileEncoding = 4; lastKnownFileType = sourcecode.swift; path = NSObject.swift; sourceTree = "<group>"; };
		A62E4FB520D6C98A00486843 /* TDApiManager.swift */ = {isa = PBXFileReference; lastKnownFileType = sourcecode.swift; path = TDApiManager.swift; sourceTree = "<group>"; };
		A68793B720D60EE200184420 /* InvisionApp.app */ = {isa = PBXFileReference; explicitFileType = wrapper.application; includeInIndex = 0; path = InvisionApp.app; sourceTree = BUILT_PRODUCTS_DIR; };
		A68793BA20D60EE200184420 /* AppDelegate.swift */ = {isa = PBXFileReference; lastKnownFileType = sourcecode.swift; path = AppDelegate.swift; sourceTree = "<group>"; };
		A68793BC20D60EE200184420 /* ViewController.swift */ = {isa = PBXFileReference; lastKnownFileType = sourcecode.swift; path = ViewController.swift; sourceTree = "<group>"; };
		A68793C120D60EE300184420 /* Assets.xcassets */ = {isa = PBXFileReference; lastKnownFileType = folder.assetcatalog; path = Assets.xcassets; sourceTree = "<group>"; };
		A68793C420D60EE300184420 /* Base */ = {isa = PBXFileReference; lastKnownFileType = file.storyboard; name = Base; path = Base.lproj/LaunchScreen.storyboard; sourceTree = "<group>"; };
		A68793C620D60EE300184420 /* Info.plist */ = {isa = PBXFileReference; lastKnownFileType = text.plist.xml; path = Info.plist; sourceTree = "<group>"; };
		A68793CB20D60EE300184420 /* InvisionAppTests.xctest */ = {isa = PBXFileReference; explicitFileType = wrapper.cfbundle; includeInIndex = 0; path = InvisionAppTests.xctest; sourceTree = BUILT_PRODUCTS_DIR; };
		A68793CF20D60EE300184420 /* InvisionAppTests.swift */ = {isa = PBXFileReference; lastKnownFileType = sourcecode.swift; path = InvisionAppTests.swift; sourceTree = "<group>"; };
		A68793D120D60EE300184420 /* Info.plist */ = {isa = PBXFileReference; lastKnownFileType = text.plist.xml; path = Info.plist; sourceTree = "<group>"; };
		A68793D620D60EE300184420 /* InvisionAppUITests.xctest */ = {isa = PBXFileReference; explicitFileType = wrapper.cfbundle; includeInIndex = 0; path = InvisionAppUITests.xctest; sourceTree = BUILT_PRODUCTS_DIR; };
		A68793DA20D60EE300184420 /* InvisionAppUITests.swift */ = {isa = PBXFileReference; lastKnownFileType = sourcecode.swift; path = InvisionAppUITests.swift; sourceTree = "<group>"; };
		A68793DC20D60EE300184420 /* Info.plist */ = {isa = PBXFileReference; lastKnownFileType = text.plist.xml; path = Info.plist; sourceTree = "<group>"; };
		A68793EB20D612FB00184420 /* IALoginVC.swift */ = {isa = PBXFileReference; lastKnownFileType = sourcecode.swift; path = IALoginVC.swift; sourceTree = "<group>"; };
		A68793EC20D612FB00184420 /* IALoginVC.xib */ = {isa = PBXFileReference; lastKnownFileType = file.xib; path = IALoginVC.xib; sourceTree = "<group>"; };
		A68793EF20D6433100184420 /* IATapIDVC.swift */ = {isa = PBXFileReference; lastKnownFileType = sourcecode.swift; path = IATapIDVC.swift; sourceTree = "<group>"; };
		A68793F020D6433100184420 /* IATapIDVC.xib */ = {isa = PBXFileReference; lastKnownFileType = file.xib; path = IATapIDVC.xib; sourceTree = "<group>"; };
		D150D82334231082FDCE2E25 /* Pods-InvisionAppUITests.release.xcconfig */ = {isa = PBXFileReference; includeInIndex = 1; lastKnownFileType = text.xcconfig; name = "Pods-InvisionAppUITests.release.xcconfig"; path = "Pods/Target Support Files/Pods-InvisionAppUITests/Pods-InvisionAppUITests.release.xcconfig"; sourceTree = "<group>"; };
		EB944E1FF9816BC0D5D01403 /* Pods-InvisionAppUITests.debug.xcconfig */ = {isa = PBXFileReference; includeInIndex = 1; lastKnownFileType = text.xcconfig; name = "Pods-InvisionAppUITests.debug.xcconfig"; path = "Pods/Target Support Files/Pods-InvisionAppUITests/Pods-InvisionAppUITests.debug.xcconfig"; sourceTree = "<group>"; };
		EC33663080B82A2B821A8E3F /* Pods-InvisionAppTests.debug.xcconfig */ = {isa = PBXFileReference; includeInIndex = 1; lastKnownFileType = text.xcconfig; name = "Pods-InvisionAppTests.debug.xcconfig"; path = "Pods/Target Support Files/Pods-InvisionAppTests/Pods-InvisionAppTests.debug.xcconfig"; sourceTree = "<group>"; };
		F2540A126B5DC377F43E42A9 /* Pods-InvisionApp.release.xcconfig */ = {isa = PBXFileReference; includeInIndex = 1; lastKnownFileType = text.xcconfig; name = "Pods-InvisionApp.release.xcconfig"; path = "Pods/Target Support Files/Pods-InvisionApp/Pods-InvisionApp.release.xcconfig"; sourceTree = "<group>"; };
/* End PBXFileReference section */

/* Begin PBXFrameworksBuildPhase section */
		A68793B420D60EE200184420 /* Frameworks */ = {
			isa = PBXFrameworksBuildPhase;
			buildActionMask = 2147483647;
			files = (
				B3CBF98D72E711F4A6851135 /* Pods_InvisionApp.framework in Frameworks */,
			);
			runOnlyForDeploymentPostprocessing = 0;
		};
		A68793C820D60EE300184420 /* Frameworks */ = {
			isa = PBXFrameworksBuildPhase;
			buildActionMask = 2147483647;
			files = (
				1DCC66A9E500A5EC1D21DE0E /* Pods_InvisionAppTests.framework in Frameworks */,
			);
			runOnlyForDeploymentPostprocessing = 0;
		};
		A68793D320D60EE300184420 /* Frameworks */ = {
			isa = PBXFrameworksBuildPhase;
			buildActionMask = 2147483647;
			files = (
				F0679CC9C5E2ACA283C5D8BD /* Pods_InvisionAppUITests.framework in Frameworks */,
			);
			runOnlyForDeploymentPostprocessing = 0;
		};
/* End PBXFrameworksBuildPhase section */

/* Begin PBXGroup section */
		22FF5AC0711D12746C6D7793 /* Frameworks */ = {
			isa = PBXGroup;
			children = (
				4CD25A8B2B3A4EAE6BC3A09B /* Pods_InvisionApp.framework */,
				38CDC34CDF3F47BC88B4A645 /* Pods_InvisionAppTests.framework */,
				6B0C89437E23518C08265419 /* Pods_InvisionAppUITests.framework */,
			);
			name = Frameworks;
			sourceTree = "<group>";
		};
		A62E4FAF20D6B5EE00486843 /* Extension */ = {
			isa = PBXGroup;
			children = (
				A62E4FB020D6B64600486843 /* NSObject.swift */,
			);
			path = Extension;
			sourceTree = "<group>";
		};
		A62E4FB220D6C94300486843 /* Model */ = {
			isa = PBXGroup;
			children = (
			);
			path = Model;
			sourceTree = "<group>";
		};
		A62E4FB320D6C94900486843 /* Service */ = {
			isa = PBXGroup;
			children = (
				A62E4FB420D6C96300486843 /* HttpRequest */,
			);
			path = Service;
			sourceTree = "<group>";
		};
		A62E4FB420D6C96300486843 /* HttpRequest */ = {
			isa = PBXGroup;
			children = (
				A62E4FB520D6C98A00486843 /* TDApiManager.swift */,
			);
			path = HttpRequest;
			sourceTree = "<group>";
		};
		A68793AE20D60EE200184420 = {
			isa = PBXGroup;
			children = (
				A68793B920D60EE200184420 /* InvisionApp */,
				A68793CE20D60EE300184420 /* InvisionAppTests */,
				A68793D920D60EE300184420 /* InvisionAppUITests */,
				A68793B820D60EE200184420 /* Products */,
				D4E3CAF4D28C14DA39D25273 /* Pods */,
				22FF5AC0711D12746C6D7793 /* Frameworks */,
			);
			sourceTree = "<group>";
		};
		A68793B820D60EE200184420 /* Products */ = {
			isa = PBXGroup;
			children = (
				A68793B720D60EE200184420 /* InvisionApp.app */,
				A68793CB20D60EE300184420 /* InvisionAppTests.xctest */,
				A68793D620D60EE300184420 /* InvisionAppUITests.xctest */,
			);
			name = Products;
			sourceTree = "<group>";
		};
		A68793B920D60EE200184420 /* InvisionApp */ = {
			isa = PBXGroup;
			children = (
				A62E4FB320D6C94900486843 /* Service */,
				A62E4FB220D6C94300486843 /* Model */,
				A62E4FAF20D6B5EE00486843 /* Extension */,
				A68793E820D6127100184420 /* ViewController */,
				A68793BA20D60EE200184420 /* AppDelegate.swift */,
				A68793BC20D60EE200184420 /* ViewController.swift */,
				A68793C120D60EE300184420 /* Assets.xcassets */,
				A68793C320D60EE300184420 /* LaunchScreen.storyboard */,
				A68793C620D60EE300184420 /* Info.plist */,
			);
			path = InvisionApp;
			sourceTree = "<group>";
		};
		A68793CE20D60EE300184420 /* InvisionAppTests */ = {
			isa = PBXGroup;
			children = (
				A68793CF20D60EE300184420 /* InvisionAppTests.swift */,
				A68793D120D60EE300184420 /* Info.plist */,
			);
			path = InvisionAppTests;
			sourceTree = "<group>";
		};
		A68793D920D60EE300184420 /* InvisionAppUITests */ = {
			isa = PBXGroup;
			children = (
				A68793DA20D60EE300184420 /* InvisionAppUITests.swift */,
				A68793DC20D60EE300184420 /* Info.plist */,
			);
			path = InvisionAppUITests;
			sourceTree = "<group>";
		};
		A68793E820D6127100184420 /* ViewController */ = {
			isa = PBXGroup;
			children = (
				A68793EB20D612FB00184420 /* IALoginVC.swift */,
				A68793EC20D612FB00184420 /* IALoginVC.xib */,
				A68793EF20D6433100184420 /* IATapIDVC.swift */,
				A68793F020D6433100184420 /* IATapIDVC.xib */,
			);
			path = ViewController;
			sourceTree = "<group>";
		};
		D4E3CAF4D28C14DA39D25273 /* Pods */ = {
			isa = PBXGroup;
			children = (
				98663225A7532B9CE8CBE389 /* Pods-InvisionApp.debug.xcconfig */,
				F2540A126B5DC377F43E42A9 /* Pods-InvisionApp.release.xcconfig */,
				EC33663080B82A2B821A8E3F /* Pods-InvisionAppTests.debug.xcconfig */,
				1B460EBC1DB5A146245DCE42 /* Pods-InvisionAppTests.release.xcconfig */,
				EB944E1FF9816BC0D5D01403 /* Pods-InvisionAppUITests.debug.xcconfig */,
				D150D82334231082FDCE2E25 /* Pods-InvisionAppUITests.release.xcconfig */,
			);
			name = Pods;
			sourceTree = "<group>";
		};
/* End PBXGroup section */

/* Begin PBXNativeTarget section */
		A68793B620D60EE200184420 /* InvisionApp */ = {
			isa = PBXNativeTarget;
			buildConfigurationList = A68793DF20D60EE300184420 /* Build configuration list for PBXNativeTarget "InvisionApp" */;
			buildPhases = (
				977F2EA0060C37594D47393D /* [CP] Check Pods Manifest.lock */,
				A68793B320D60EE200184420 /* Sources */,
				A68793B420D60EE200184420 /* Frameworks */,
				A68793B520D60EE200184420 /* Resources */,
				C02829CBB24D3A8BEBE09B7A /* [CP] Embed Pods Frameworks */,
			);
			buildRules = (
			);
			dependencies = (
			);
			name = InvisionApp;
			productName = InvisionApp;
			productReference = A68793B720D60EE200184420 /* InvisionApp.app */;
			productType = "com.apple.product-type.application";
		};
		A68793CA20D60EE300184420 /* InvisionAppTests */ = {
			isa = PBXNativeTarget;
			buildConfigurationList = A68793E220D60EE300184420 /* Build configuration list for PBXNativeTarget "InvisionAppTests" */;
			buildPhases = (
				113D245F23C5672A3254A8B8 /* [CP] Check Pods Manifest.lock */,
				A68793C720D60EE300184420 /* Sources */,
				A68793C820D60EE300184420 /* Frameworks */,
				A68793C920D60EE300184420 /* Resources */,
				3C4C7F5833993CC8F41BE454 /* [CP] Embed Pods Frameworks */,
			);
			buildRules = (
			);
			dependencies = (
				A68793CD20D60EE300184420 /* PBXTargetDependency */,
			);
			name = InvisionAppTests;
			productName = InvisionAppTests;
			productReference = A68793CB20D60EE300184420 /* InvisionAppTests.xctest */;
			productType = "com.apple.product-type.bundle.unit-test";
		};
		A68793D520D60EE300184420 /* InvisionAppUITests */ = {
			isa = PBXNativeTarget;
			buildConfigurationList = A68793E520D60EE300184420 /* Build configuration list for PBXNativeTarget "InvisionAppUITests" */;
			buildPhases = (
				6983B794752F5E27B187427A /* [CP] Check Pods Manifest.lock */,
				A68793D220D60EE300184420 /* Sources */,
				A68793D320D60EE300184420 /* Frameworks */,
				A68793D420D60EE300184420 /* Resources */,
				D01E0DEF327294DCD81B5C40 /* [CP] Embed Pods Frameworks */,
			);
			buildRules = (
			);
			dependencies = (
				A68793D820D60EE300184420 /* PBXTargetDependency */,
			);
			name = InvisionAppUITests;
			productName = InvisionAppUITests;
			productReference = A68793D620D60EE300184420 /* InvisionAppUITests.xctest */;
			productType = "com.apple.product-type.bundle.ui-testing";
		};
/* End PBXNativeTarget section */

/* Begin PBXProject section */
		A68793AF20D60EE200184420 /* Project object */ = {
			isa = PBXProject;
			attributes = {
				LastSwiftUpdateCheck = 0930;
				LastUpgradeCheck = 0930;
				ORGANIZATIONNAME = "Tung Vu";
				TargetAttributes = {
					A68793B620D60EE200184420 = {
						CreatedOnToolsVersion = 9.3.1;
					};
					A68793CA20D60EE300184420 = {
						CreatedOnToolsVersion = 9.3.1;
						TestTargetID = A68793B620D60EE200184420;
					};
					A68793D520D60EE300184420 = {
						CreatedOnToolsVersion = 9.3.1;
						TestTargetID = A68793B620D60EE200184420;
					};
				};
			};
			buildConfigurationList = A68793B220D60EE200184420 /* Build configuration list for PBXProject "InvisionApp" */;
			compatibilityVersion = "Xcode 9.3";
			developmentRegion = en;
			hasScannedForEncodings = 0;
			knownRegions = (
				en,
				Base,
			);
			mainGroup = A68793AE20D60EE200184420;
			productRefGroup = A68793B820D60EE200184420 /* Products */;
			projectDirPath = "";
			projectRoot = "";
			targets = (
				A68793B620D60EE200184420 /* InvisionApp */,
				A68793CA20D60EE300184420 /* InvisionAppTests */,
				A68793D520D60EE300184420 /* InvisionAppUITests */,
			);
		};
/* End PBXProject section */

/* Begin PBXResourcesBuildPhase section */
		A68793B520D60EE200184420 /* Resources */ = {
			isa = PBXResourcesBuildPhase;
			buildActionMask = 2147483647;
			files = (
				A68793C520D60EE300184420 /* LaunchScreen.storyboard in Resources */,
				A68793C220D60EE300184420 /* Assets.xcassets in Resources */,
				A68793EE20D612FB00184420 /* IALoginVC.xib in Resources */,
				A68793F220D6433100184420 /* IATapIDVC.xib in Resources */,
			);
			runOnlyForDeploymentPostprocessing = 0;
		};
		A68793C920D60EE300184420 /* Resources */ = {
			isa = PBXResourcesBuildPhase;
			buildActionMask = 2147483647;
			files = (
			);
			runOnlyForDeploymentPostprocessing = 0;
		};
		A68793D420D60EE300184420 /* Resources */ = {
			isa = PBXResourcesBuildPhase;
			buildActionMask = 2147483647;
			files = (
			);
			runOnlyForDeploymentPostprocessing = 0;
		};
/* End PBXResourcesBuildPhase section */

/* Begin PBXShellScriptBuildPhase section */
		113D245F23C5672A3254A8B8 /* [CP] Check Pods Manifest.lock */ = {
			isa = PBXShellScriptBuildPhase;
			buildActionMask = 2147483647;
			files = (
			);
			inputPaths = (
				"${PODS_PODFILE_DIR_PATH}/Podfile.lock",
				"${PODS_ROOT}/Manifest.lock",
			);
			name = "[CP] Check Pods Manifest.lock";
			outputPaths = (
				"$(DERIVED_FILE_DIR)/Pods-InvisionAppTests-checkManifestLockResult.txt",
			);
			runOnlyForDeploymentPostprocessing = 0;
			shellPath = /bin/sh;
			shellScript = "diff \"${PODS_PODFILE_DIR_PATH}/Podfile.lock\" \"${PODS_ROOT}/Manifest.lock\" > /dev/null\nif [ $? != 0 ] ; then\n    # print error to STDERR\n    echo \"error: The sandbox is not in sync with the Podfile.lock. Run 'pod install' or update your CocoaPods installation.\" >&2\n    exit 1\nfi\n# This output is used by Xcode 'outputs' to avoid re-running this script phase.\necho \"SUCCESS\" > \"${SCRIPT_OUTPUT_FILE_0}\"\n";
			showEnvVarsInLog = 0;
		};
		3C4C7F5833993CC8F41BE454 /* [CP] Embed Pods Frameworks */ = {
			isa = PBXShellScriptBuildPhase;
			buildActionMask = 2147483647;
			files = (
			);
			inputPaths = (
				"${SRCROOT}/Pods/Target Support Files/Pods-InvisionAppTests/Pods-InvisionAppTests-frameworks.sh",
				"${BUILT_PRODUCTS_DIR}/Alamofire/Alamofire.framework",
				"${BUILT_PRODUCTS_DIR}/ObjectMapper/ObjectMapper.framework",
			);
			name = "[CP] Embed Pods Frameworks";
			outputPaths = (
				"${TARGET_BUILD_DIR}/${FRAMEWORKS_FOLDER_PATH}/Alamofire.framework",
				"${TARGET_BUILD_DIR}/${FRAMEWORKS_FOLDER_PATH}/ObjectMapper.framework",
			);
			runOnlyForDeploymentPostprocessing = 0;
			shellPath = /bin/sh;
			shellScript = "\"${SRCROOT}/Pods/Target Support Files/Pods-InvisionAppTests/Pods-InvisionAppTests-frameworks.sh\"\n";
			showEnvVarsInLog = 0;
		};
		6983B794752F5E27B187427A /* [CP] Check Pods Manifest.lock */ = {
			isa = PBXShellScriptBuildPhase;
			buildActionMask = 2147483647;
			files = (
			);
			inputPaths = (
				"${PODS_PODFILE_DIR_PATH}/Podfile.lock",
				"${PODS_ROOT}/Manifest.lock",
			);
			name = "[CP] Check Pods Manifest.lock";
			outputPaths = (
				"$(DERIVED_FILE_DIR)/Pods-InvisionAppUITests-checkManifestLockResult.txt",
			);
			runOnlyForDeploymentPostprocessing = 0;
			shellPath = /bin/sh;
			shellScript = "diff \"${PODS_PODFILE_DIR_PATH}/Podfile.lock\" \"${PODS_ROOT}/Manifest.lock\" > /dev/null\nif [ $? != 0 ] ; then\n    # print error to STDERR\n    echo \"error: The sandbox is not in sync with the Podfile.lock. Run 'pod install' or update your CocoaPods installation.\" >&2\n    exit 1\nfi\n# This output is used by Xcode 'outputs' to avoid re-running this script phase.\necho \"SUCCESS\" > \"${SCRIPT_OUTPUT_FILE_0}\"\n";
			showEnvVarsInLog = 0;
		};
		977F2EA0060C37594D47393D /* [CP] Check Pods Manifest.lock */ = {
			isa = PBXShellScriptBuildPhase;
			buildActionMask = 2147483647;
			files = (
			);
			inputPaths = (
				"${PODS_PODFILE_DIR_PATH}/Podfile.lock",
				"${PODS_ROOT}/Manifest.lock",
			);
			name = "[CP] Check Pods Manifest.lock";
			outputPaths = (
				"$(DERIVED_FILE_DIR)/Pods-InvisionApp-checkManifestLockResult.txt",
			);
			runOnlyForDeploymentPostprocessing = 0;
			shellPath = /bin/sh;
			shellScript = "diff \"${PODS_PODFILE_DIR_PATH}/Podfile.lock\" \"${PODS_ROOT}/Manifest.lock\" > /dev/null\nif [ $? != 0 ] ; then\n    # print error to STDERR\n    echo \"error: The sandbox is not in sync with the Podfile.lock. Run 'pod install' or update your CocoaPods installation.\" >&2\n    exit 1\nfi\n# This output is used by Xcode 'outputs' to avoid re-running this script phase.\necho \"SUCCESS\" > \"${SCRIPT_OUTPUT_FILE_0}\"\n";
			showEnvVarsInLog = 0;
		};
		C02829CBB24D3A8BEBE09B7A /* [CP] Embed Pods Frameworks */ = {
			isa = PBXShellScriptBuildPhase;
			buildActionMask = 2147483647;
			files = (
			);
			inputPaths = (
				"${SRCROOT}/Pods/Target Support Files/Pods-InvisionApp/Pods-InvisionApp-frameworks.sh",
				"${BUILT_PRODUCTS_DIR}/Alamofire/Alamofire.framework",
				"${BUILT_PRODUCTS_DIR}/ObjectMapper/ObjectMapper.framework",
			);
			name = "[CP] Embed Pods Frameworks";
			outputPaths = (
				"${TARGET_BUILD_DIR}/${FRAMEWORKS_FOLDER_PATH}/Alamofire.framework",
				"${TARGET_BUILD_DIR}/${FRAMEWORKS_FOLDER_PATH}/ObjectMapper.framework",
			);
			runOnlyForDeploymentPostprocessing = 0;
			shellPath = /bin/sh;
			shellScript = "\"${SRCROOT}/Pods/Target Support Files/Pods-InvisionApp/Pods-InvisionApp-frameworks.sh\"\n";
			showEnvVarsInLog = 0;
		};
		D01E0DEF327294DCD81B5C40 /* [CP] Embed Pods Frameworks */ = {
			isa = PBXShellScriptBuildPhase;
			buildActionMask = 2147483647;
			files = (
			);
			inputPaths = (
				"${SRCROOT}/Pods/Target Support Files/Pods-InvisionAppUITests/Pods-InvisionAppUITests-frameworks.sh",
				"${BUILT_PRODUCTS_DIR}/Alamofire/Alamofire.framework",
				"${BUILT_PRODUCTS_DIR}/ObjectMapper/ObjectMapper.framework",
			);
			name = "[CP] Embed Pods Frameworks";
			outputPaths = (
				"${TARGET_BUILD_DIR}/${FRAMEWORKS_FOLDER_PATH}/Alamofire.framework",
				"${TARGET_BUILD_DIR}/${FRAMEWORKS_FOLDER_PATH}/ObjectMapper.framework",
			);
			runOnlyForDeploymentPostprocessing = 0;
			shellPath = /bin/sh;
			shellScript = "\"${SRCROOT}/Pods/Target Support Files/Pods-InvisionAppUITests/Pods-InvisionAppUITests-frameworks.sh\"\n";
			showEnvVarsInLog = 0;
		};
/* End PBXShellScriptBuildPhase section */

/* Begin PBXSourcesBuildPhase section */
		A68793B320D60EE200184420 /* Sources */ = {
			isa = PBXSourcesBuildPhase;
			buildActionMask = 2147483647;
			files = (
				A68793BD20D60EE200184420 /* ViewController.swift in Sources */,
				A68793BB20D60EE200184420 /* AppDelegate.swift in Sources */,
				A62E4FB120D6B64600486843 /* NSObject.swift in Sources */,
				A68793ED20D612FB00184420 /* IALoginVC.swift in Sources */,
				A62E4FB620D6C98A00486843 /* TDApiManager.swift in Sources */,
				A68793F120D6433100184420 /* IATapIDVC.swift in Sources */,
			);
			runOnlyForDeploymentPostprocessing = 0;
		};
		A68793C720D60EE300184420 /* Sources */ = {
			isa = PBXSourcesBuildPhase;
			buildActionMask = 2147483647;
			files = (
				A68793D020D60EE300184420 /* InvisionAppTests.swift in Sources */,
			);
			runOnlyForDeploymentPostprocessing = 0;
		};
		A68793D220D60EE300184420 /* Sources */ = {
			isa = PBXSourcesBuildPhase;
			buildActionMask = 2147483647;
			files = (
				A68793DB20D60EE300184420 /* InvisionAppUITests.swift in Sources */,
			);
			runOnlyForDeploymentPostprocessing = 0;
		};
/* End PBXSourcesBuildPhase section */

/* Begin PBXTargetDependency section */
		A68793CD20D60EE300184420 /* PBXTargetDependency */ = {
			isa = PBXTargetDependency;
			target = A68793B620D60EE200184420 /* InvisionApp */;
			targetProxy = A68793CC20D60EE300184420 /* PBXContainerItemProxy */;
		};
		A68793D820D60EE300184420 /* PBXTargetDependency */ = {
			isa = PBXTargetDependency;
			target = A68793B620D60EE200184420 /* InvisionApp */;
			targetProxy = A68793D720D60EE300184420 /* PBXContainerItemProxy */;
		};
/* End PBXTargetDependency section */

/* Begin PBXVariantGroup section */
		A68793C320D60EE300184420 /* LaunchScreen.storyboard */ = {
			isa = PBXVariantGroup;
			children = (
				A68793C420D60EE300184420 /* Base */,
			);
			name = LaunchScreen.storyboard;
			sourceTree = "<group>";
		};
/* End PBXVariantGroup section */

/* Begin XCBuildConfiguration section */
		A68793DD20D60EE300184420 /* Debug */ = {
			isa = XCBuildConfiguration;
			buildSettings = {
				ALWAYS_SEARCH_USER_PATHS = NO;
				CLANG_ANALYZER_NONNULL = YES;
				CLANG_ANALYZER_NUMBER_OBJECT_CONVERSION = YES_AGGRESSIVE;
				CLANG_CXX_LANGUAGE_STANDARD = "gnu++14";
				CLANG_CXX_LIBRARY = "libc++";
				CLANG_ENABLE_MODULES = YES;
				CLANG_ENABLE_OBJC_ARC = YES;
				CLANG_ENABLE_OBJC_WEAK = YES;
				CLANG_WARN_BLOCK_CAPTURE_AUTORELEASING = YES;
				CLANG_WARN_BOOL_CONVERSION = YES;
				CLANG_WARN_COMMA = YES;
				CLANG_WARN_CONSTANT_CONVERSION = YES;
				CLANG_WARN_DEPRECATED_OBJC_IMPLEMENTATIONS = YES;
				CLANG_WARN_DIRECT_OBJC_ISA_USAGE = YES_ERROR;
				CLANG_WARN_DOCUMENTATION_COMMENTS = YES;
				CLANG_WARN_EMPTY_BODY = YES;
				CLANG_WARN_ENUM_CONVERSION = YES;
				CLANG_WARN_INFINITE_RECURSION = YES;
				CLANG_WARN_INT_CONVERSION = YES;
				CLANG_WARN_NON_LITERAL_NULL_CONVERSION = YES;
				CLANG_WARN_OBJC_IMPLICIT_RETAIN_SELF = YES;
				CLANG_WARN_OBJC_LITERAL_CONVERSION = YES;
				CLANG_WARN_OBJC_ROOT_CLASS = YES_ERROR;
				CLANG_WARN_RANGE_LOOP_ANALYSIS = YES;
				CLANG_WARN_STRICT_PROTOTYPES = YES;
				CLANG_WARN_SUSPICIOUS_MOVE = YES;
				CLANG_WARN_UNGUARDED_AVAILABILITY = YES_AGGRESSIVE;
				CLANG_WARN_UNREACHABLE_CODE = YES;
				CLANG_WARN__DUPLICATE_METHOD_MATCH = YES;
				CODE_SIGN_IDENTITY = "iPhone Developer";
				COPY_PHASE_STRIP = NO;
				DEBUG_INFORMATION_FORMAT = dwarf;
				ENABLE_STRICT_OBJC_MSGSEND = YES;
				ENABLE_TESTABILITY = YES;
				GCC_C_LANGUAGE_STANDARD = gnu11;
				GCC_DYNAMIC_NO_PIC = NO;
				GCC_NO_COMMON_BLOCKS = YES;
				GCC_OPTIMIZATION_LEVEL = 0;
				GCC_PREPROCESSOR_DEFINITIONS = (
					"DEBUG=1",
					"$(inherited)",
				);
				GCC_WARN_64_TO_32_BIT_CONVERSION = YES;
				GCC_WARN_ABOUT_RETURN_TYPE = YES_ERROR;
				GCC_WARN_UNDECLARED_SELECTOR = YES;
				GCC_WARN_UNINITIALIZED_AUTOS = YES_AGGRESSIVE;
				GCC_WARN_UNUSED_FUNCTION = YES;
				GCC_WARN_UNUSED_VARIABLE = YES;
				IPHONEOS_DEPLOYMENT_TARGET = 11.3;
				MTL_ENABLE_DEBUG_INFO = YES;
				ONLY_ACTIVE_ARCH = YES;
				SDKROOT = iphoneos;
				SWIFT_ACTIVE_COMPILATION_CONDITIONS = DEBUG;
				SWIFT_OPTIMIZATION_LEVEL = "-Onone";
			};
			name = Debug;
		};
		A68793DE20D60EE300184420 /* Release */ = {
			isa = XCBuildConfiguration;
			buildSettings = {
				ALWAYS_SEARCH_USER_PATHS = NO;
				CLANG_ANALYZER_NONNULL = YES;
				CLANG_ANALYZER_NUMBER_OBJECT_CONVERSION = YES_AGGRESSIVE;
				CLANG_CXX_LANGUAGE_STANDARD = "gnu++14";
				CLANG_CXX_LIBRARY = "libc++";
				CLANG_ENABLE_MODULES = YES;
				CLANG_ENABLE_OBJC_ARC = YES;
				CLANG_ENABLE_OBJC_WEAK = YES;
				CLANG_WARN_BLOCK_CAPTURE_AUTORELEASING = YES;
				CLANG_WARN_BOOL_CONVERSION = YES;
				CLANG_WARN_COMMA = YES;
				CLANG_WARN_CONSTANT_CONVERSION = YES;
				CLANG_WARN_DEPRECATED_OBJC_IMPLEMENTATIONS = YES;
				CLANG_WARN_DIRECT_OBJC_ISA_USAGE = YES_ERROR;
				CLANG_WARN_DOCUMENTATION_COMMENTS = YES;
				CLANG_WARN_EMPTY_BODY = YES;
				CLANG_WARN_ENUM_CONVERSION = YES;
				CLANG_WARN_INFINITE_RECURSION = YES;
				CLANG_WARN_INT_CONVERSION = YES;
				CLANG_WARN_NON_LITERAL_NULL_CONVERSION = YES;
				CLANG_WARN_OBJC_IMPLICIT_RETAIN_SELF = YES;
				CLANG_WARN_OBJC_LITERAL_CONVERSION = YES;
				CLANG_WARN_OBJC_ROOT_CLASS = YES_ERROR;
				CLANG_WARN_RANGE_LOOP_ANALYSIS = YES;
				CLANG_WARN_STRICT_PROTOTYPES = YES;
				CLANG_WARN_SUSPICIOUS_MOVE = YES;
				CLANG_WARN_UNGUARDED_AVAILABILITY = YES_AGGRESSIVE;
				CLANG_WARN_UNREACHABLE_CODE = YES;
				CLANG_WARN__DUPLICATE_METHOD_MATCH = YES;
				CODE_SIGN_IDENTITY = "iPhone Developer";
				COPY_PHASE_STRIP = NO;
				DEBUG_INFORMATION_FORMAT = "dwarf-with-dsym";
				ENABLE_NS_ASSERTIONS = NO;
				ENABLE_STRICT_OBJC_MSGSEND = YES;
				GCC_C_LANGUAGE_STANDARD = gnu11;
				GCC_NO_COMMON_BLOCKS = YES;
				GCC_WARN_64_TO_32_BIT_CONVERSION = YES;
				GCC_WARN_ABOUT_RETURN_TYPE = YES_ERROR;
				GCC_WARN_UNDECLARED_SELECTOR = YES;
				GCC_WARN_UNINITIALIZED_AUTOS = YES_AGGRESSIVE;
				GCC_WARN_UNUSED_FUNCTION = YES;
				GCC_WARN_UNUSED_VARIABLE = YES;
				IPHONEOS_DEPLOYMENT_TARGET = 11.3;
				MTL_ENABLE_DEBUG_INFO = NO;
				SDKROOT = iphoneos;
				SWIFT_COMPILATION_MODE = wholemodule;
				SWIFT_OPTIMIZATION_LEVEL = "-O";
				VALIDATE_PRODUCT = YES;
			};
			name = Release;
		};
		A68793E020D60EE300184420 /* Debug */ = {
			isa = XCBuildConfiguration;
			baseConfigurationReference = 98663225A7532B9CE8CBE389 /* Pods-InvisionApp.debug.xcconfig */;
			buildSettings = {
				ASSETCATALOG_COMPILER_APPICON_NAME = AppIcon;
				CODE_SIGN_STYLE = Automatic;
				DEVELOPMENT_TEAM = X85RQJP2CR;
				INFOPLIST_FILE = InvisionApp/Info.plist;
				LD_RUNPATH_SEARCH_PATHS = (
					"$(inherited)",
					"@executable_path/Frameworks",
				);
				PRODUCT_BUNDLE_IDENTIFIER = com.tungbi.InvisionApp;
				PRODUCT_NAME = "$(TARGET_NAME)";
				SWIFT_VERSION = 4.0;
				TARGETED_DEVICE_FAMILY = "1,2";
			};
			name = Debug;
		};
		A68793E120D60EE300184420 /* Release */ = {
			isa = XCBuildConfiguration;
			baseConfigurationReference = F2540A126B5DC377F43E42A9 /* Pods-InvisionApp.release.xcconfig */;
			buildSettings = {
				ASSETCATALOG_COMPILER_APPICON_NAME = AppIcon;
				CODE_SIGN_STYLE = Automatic;
				DEVELOPMENT_TEAM = X85RQJP2CR;
				INFOPLIST_FILE = InvisionApp/Info.plist;
				LD_RUNPATH_SEARCH_PATHS = (
					"$(inherited)",
					"@executable_path/Frameworks",
				);
				PRODUCT_BUNDLE_IDENTIFIER = com.tungbi.InvisionApp;
				PRODUCT_NAME = "$(TARGET_NAME)";
				SWIFT_VERSION = 4.0;
				TARGETED_DEVICE_FAMILY = "1,2";
			};
			name = Release;
		};
		A68793E320D60EE300184420 /* Debug */ = {
			isa = XCBuildConfiguration;
			baseConfigurationReference = EC33663080B82A2B821A8E3F /* Pods-InvisionAppTests.debug.xcconfig */;
			buildSettings = {
				ALWAYS_EMBED_SWIFT_STANDARD_LIBRARIES = YES;
				BUNDLE_LOADER = "$(TEST_HOST)";
				CODE_SIGN_STYLE = Automatic;
				INFOPLIST_FILE = InvisionAppTests/Info.plist;
				LD_RUNPATH_SEARCH_PATHS = (
					"$(inherited)",
					"@executable_path/Frameworks",
					"@loader_path/Frameworks",
				);
				PRODUCT_BUNDLE_IDENTIFIER = com.tungbi.InvisionAppTests;
				PRODUCT_NAME = "$(TARGET_NAME)";
				SWIFT_VERSION = 4.0;
				TARGETED_DEVICE_FAMILY = "1,2";
				TEST_HOST = "$(BUILT_PRODUCTS_DIR)/InvisionApp.app/InvisionApp";
			};
			name = Debug;
		};
		A68793E420D60EE300184420 /* Release */ = {
			isa = XCBuildConfiguration;
			baseConfigurationReference = 1B460EBC1DB5A146245DCE42 /* Pods-InvisionAppTests.release.xcconfig */;
			buildSettings = {
				ALWAYS_EMBED_SWIFT_STANDARD_LIBRARIES = YES;
				BUNDLE_LOADER = "$(TEST_HOST)";
				CODE_SIGN_STYLE = Automatic;
				INFOPLIST_FILE = InvisionAppTests/Info.plist;
				LD_RUNPATH_SEARCH_PATHS = (
					"$(inherited)",
					"@executable_path/Frameworks",
					"@loader_path/Frameworks",
				);
				PRODUCT_BUNDLE_IDENTIFIER = com.tungbi.InvisionAppTests;
				PRODUCT_NAME = "$(TARGET_NAME)";
				SWIFT_VERSION = 4.0;
				TARGETED_DEVICE_FAMILY = "1,2";
				TEST_HOST = "$(BUILT_PRODUCTS_DIR)/InvisionApp.app/InvisionApp";
			};
			name = Release;
		};
		A68793E620D60EE300184420 /* Debug */ = {
			isa = XCBuildConfiguration;
			baseConfigurationReference = EB944E1FF9816BC0D5D01403 /* Pods-InvisionAppUITests.debug.xcconfig */;
			buildSettings = {
				ALWAYS_EMBED_SWIFT_STANDARD_LIBRARIES = YES;
				CODE_SIGN_STYLE = Automatic;
				INFOPLIST_FILE = InvisionAppUITests/Info.plist;
				LD_RUNPATH_SEARCH_PATHS = (
					"$(inherited)",
					"@executable_path/Frameworks",
					"@loader_path/Frameworks",
				);
				PRODUCT_BUNDLE_IDENTIFIER = com.tungbi.InvisionAppUITests;
				PRODUCT_NAME = "$(TARGET_NAME)";
				SWIFT_VERSION = 4.0;
				TARGETED_DEVICE_FAMILY = "1,2";
				TEST_TARGET_NAME = InvisionApp;
			};
			name = Debug;
		};
		A68793E720D60EE300184420 /* Release */ = {
			isa = XCBuildConfiguration;
			baseConfigurationReference = D150D82334231082FDCE2E25 /* Pods-InvisionAppUITests.release.xcconfig */;
			buildSettings = {
				ALWAYS_EMBED_SWIFT_STANDARD_LIBRARIES = YES;
				CODE_SIGN_STYLE = Automatic;
				INFOPLIST_FILE = InvisionAppUITests/Info.plist;
				LD_RUNPATH_SEARCH_PATHS = (
					"$(inherited)",
					"@executable_path/Frameworks",
					"@loader_path/Frameworks",
				);
				PRODUCT_BUNDLE_IDENTIFIER = com.tungbi.InvisionAppUITests;
				PRODUCT_NAME = "$(TARGET_NAME)";
				SWIFT_VERSION = 4.0;
				TARGETED_DEVICE_FAMILY = "1,2";
				TEST_TARGET_NAME = InvisionApp;
			};
			name = Release;
		};
/* End XCBuildConfiguration section */

/* Begin XCConfigurationList section */
		A68793B220D60EE200184420 /* Build configuration list for PBXProject "InvisionApp" */ = {
			isa = XCConfigurationList;
			buildConfigurations = (
				A68793DD20D60EE300184420 /* Debug */,
				A68793DE20D60EE300184420 /* Release */,
			);
			defaultConfigurationIsVisible = 0;
			defaultConfigurationName = Release;
		};
		A68793DF20D60EE300184420 /* Build configuration list for PBXNativeTarget "InvisionApp" */ = {
			isa = XCConfigurationList;
			buildConfigurations = (
				A68793E020D60EE300184420 /* Debug */,
				A68793E120D60EE300184420 /* Release */,
			);
			defaultConfigurationIsVisible = 0;
			defaultConfigurationName = Release;
		};
		A68793E220D60EE300184420 /* Build configuration list for PBXNativeTarget "InvisionAppTests" */ = {
			isa = XCConfigurationList;
			buildConfigurations = (
				A68793E320D60EE300184420 /* Debug */,
				A68793E420D60EE300184420 /* Release */,
			);
			defaultConfigurationIsVisible = 0;
			defaultConfigurationName = Release;
		};
		A68793E520D60EE300184420 /* Build configuration list for PBXNativeTarget "InvisionAppUITests" */ = {
			isa = XCConfigurationList;
			buildConfigurations = (
				A68793E620D60EE300184420 /* Debug */,
				A68793E720D60EE300184420 /* Release */,
			);
			defaultConfigurationIsVisible = 0;
			defaultConfigurationName = Release;
		};
/* End XCConfigurationList section */
	};
	rootObject = A68793AF20D60EE200184420 /* Project object */;
}
